
Microsoft Visual Studio Solution File, Format Version 12.00
# Visual Studio Version 17
VisualStudioVersion = 17.8.34525.116
MinimumVisualStudioVersion = 10.0.40219.1
Project("{FAE04EC0-301F-11D3-BF4B-00C04F79EFBC}") = "SaveMultiple", "SaveMultiple\SaveMultiple.csproj", "{43FB925E-A8E6-46CF-8036-2ACD189C3484}"
EndProject
Global
	GlobalSection(SolutionConfigurationPlatforms) = preSolution
		Debug|Any CPU = Debug|Any CPU
		Release|Any CPU = Release|Any CPU
	EndGlobalSection
	GlobalSection(ProjectConfigurationPlatforms) = postSolution
		{43FB925E-A8E6-46CF-8036-2ACD189C3484}.Debug|Any CPU.ActiveCfg = Debug|Any CPU
		{43FB925E-A8E6-46CF-8036-2ACD189C3484}.Debug|Any CPU.Build.0 = Debug|Any CPU
		{43FB925E-A8E6-46CF-8036-2ACD189C3484}.Release|Any CPU.ActiveCfg = Release|Any CPU
		{43FB925E-A8E6-46CF-8036-2ACD189C3484}.Release|Any CPU.Build.0 = Release|Any CPU
	EndGlobalSection
	GlobalSection(SolutionProperties) = preSolution
		HideSolutionNode = FALSE
	EndGlobalSection
	GlobalSection(ExtensibilityGlobals) = postSolution
		SolutionGuid = {7DA60002-0A47-4C0A-A006-3D4F50332BF8}
	EndGlobalSection
EndGlobal
